{
  "name": "the-social-network",
  "lockfileVersion": 3,
  "requires": true,
  "packages": {
    "": {
      "dependencies": {
        "@fontsource/abril-fatface": "^5.0.4"
      },
      "devDependencies": {
        "@types/node": "^18.15.11"
      }
    },
    "node_modules/@fontsource/abril-fatface": {
      "version": "5.0.4",
      "resolved": "https://registry.npmjs.org/@fontsource/abril-fatface/-/abril-fatface-5.0.4.tgz",
      "integrity": "sha512-1qhd/OXz38fJKa6ZCU2vv5VbpvjrppjWmC0Z1vXxez3QTrQkXS2/7YGwU3lDuYY1xPcCxlpSICnRMy59AlzaYg=="
    },
    "node_modules/@types/node": {
      "version": "18.15.11",
      "resolved": "https://registry.npmjs.org/@types/node/-/node-18.15.11.tgz",
      "integrity": "sha512-E5Kwq2n4SbMzQOn6wnmBjuK9ouqlURrcZDVfbo9ftDDTFt3nk7ZKK4GMOzoYgnpQJKcxwQw+lGaBvvlMo0qN/Q==",
      "dev": true
    }
  }
}
